// !$*UTF8*$!
{
	archiveVersion = 1;
	classes = {
	};
	objectVersion = 51;
	objects = {

/* Begin PBXBuildFile section */
		69758E9112820292999EF9E1 /* Pods_MVVM_Properties_and_Commands.framework in Frameworks */ = {isa = PBXBuildFile; fileRef = D5CE5AB51897D3B387D00353 /* Pods_MVVM_Properties_and_Commands.framework */; };
		CE1FE315236DF32B004CB351 /* UIKit+Combine.swift in Sources */ = {isa = PBXBuildFile; fileRef = CE1FE314236DF32B004CB351 /* UIKit+Combine.swift */; };
		CE1FE317236E0DAD004CB351 /* MyCombine.swift in Sources */ = {isa = PBXBuildFile; fileRef = CE1FE316236E0DAD004CB351 /* MyCombine.swift */; };
		CEC722B6236D863500A0B92D /* AppDelegate.swift in Sources */ = {isa = PBXBuildFile; fileRef = CEC722B5236D863500A0B92D /* AppDelegate.swift */; };
		CEC722B8236D863500A0B92D /* SceneDelegate.swift in Sources */ = {isa = PBXBuildFile; fileRef = CEC722B7236D863500A0B92D /* SceneDelegate.swift */; };
		CEC722BA236D863500A0B92D /* ViewController.swift in Sources */ = {isa = PBXBuildFile; fileRef = CEC722B9236D863500A0B92D /* ViewController.swift */; };
		CEC722BD236D863500A0B92D /* Main.storyboard in Resources */ = {isa = PBXBuildFile; fileRef = CEC722BB236D863500A0B92D /* Main.storyboard */; };
		CEC722BF236D863600A0B92D /* Assets.xcassets in Resources */ = {isa = PBXBuildFile; fileRef = CEC722BE236D863600A0B92D /* Assets.xcassets */; };
		CEC722C2236D863600A0B92D /* LaunchScreen.storyboard in Resources */ = {isa = PBXBuildFile; fileRef = CEC722C0236D863600A0B92D /* LaunchScreen.storyboard */; };
		CEC722CA236D88E300A0B92D /* ViewModel.swift in Sources */ = {isa = PBXBuildFile; fileRef = CEC722C9236D88E300A0B92D /* ViewModel.swift */; };
		CEC722CC236D8BB400A0B92D /* Command.swift in Sources */ = {isa = PBXBuildFile; fileRef = CEC722CB236D8BB400A0B92D /* Command.swift */; };
/* End PBXBuildFile section */

/* Begin PBXFileReference section */
		147D6248F65596212FBFAB77 /* Pods-MVVM Properties and Commands.debug.xcconfig */ = {isa = PBXFileReference; includeInIndex = 1; lastKnownFileType = text.xcconfig; name = "Pods-MVVM Properties and Commands.debug.xcconfig"; path = "Target Support Files/Pods-MVVM Properties and Commands/Pods-MVVM Properties and Commands.debug.xcconfig"; sourceTree = "<group>"; };
		A049DE3F61DB1D4EA3E3EEB5 /* Pods-MVVM Properties and Commands.release.xcconfig */ = {isa = PBXFileReference; includeInIndex = 1; lastKnownFileType = text.xcconfig; name = "Pods-MVVM Properties and Commands.release.xcconfig"; path = "Target Support Files/Pods-MVVM Properties and Commands/Pods-MVVM Properties and Commands.release.xcconfig"; sourceTree = "<group>"; };
		CE1FE314236DF32B004CB351 /* UIKit+Combine.swift */ = {isa = PBXFileReference; lastKnownFileType = sourcecode.swift; path = "UIKit+Combine.swift"; sourceTree = "<group>"; };
		CE1FE316236E0DAD004CB351 /* MyCombine.swift */ = {isa = PBXFileReference; lastKnownFileType = sourcecode.swift; path = MyCombine.swift; sourceTree = "<group>"; };
		CEC722B2236D863500A0B92D /* MVVM Properties and Commands.app */ = {isa = PBXFileReference; explicitFileType = wrapper.application; includeInIndex = 0; path = "MVVM Properties and Commands.app"; sourceTree = BUILT_PRODUCTS_DIR; };
		CEC722B5236D863500A0B92D /* AppDelegate.swift */ = {isa = PBXFileReference; lastKnownFileType = sourcecode.swift; path = AppDelegate.swift; sourceTree = "<group>"; };
		CEC722B7236D863500A0B92D /* SceneDelegate.swift */ = {isa = PBXFileReference; lastKnownFileType = sourcecode.swift; path = SceneDelegate.swift; sourceTree = "<group>"; };
		CEC722B9236D863500A0B92D /* ViewController.swift */ = {isa = PBXFileReference; lastKnownFileType = sourcecode.swift; path = ViewController.swift; sourceTree = "<group>"; };
		CEC722BC236D863500A0B92D /* Base */ = {isa = PBXFileReference; lastKnownFileType = file.storyboard; name = Base; path = Base.lproj/Main.storyboard; sourceTree = "<group>"; };
		CEC722BE236D863600A0B92D /* Assets.xcassets */ = {isa = PBXFileReference; lastKnownFileType = folder.assetcatalog; path = Assets.xcassets; sourceTree = "<group>"; };
		CEC722C1236D863600A0B92D /* Base */ = {isa = PBXFileReference; lastKnownFileType = file.storyboard; name = Base; path = Base.lproj/LaunchScreen.storyboard; sourceTree = "<group>"; };
		CEC722C3236D863600A0B92D /* Info.plist */ = {isa = PBXFileReference; lastKnownFileType = text.plist.xml; path = Info.plist; sourceTree = "<group>"; };
		CEC722C9236D88E300A0B92D /* ViewModel.swift */ = {isa = PBXFileReference; lastKnownFileType = sourcecode.swift; path = ViewModel.swift; sourceTree = "<group>"; };
		CEC722CB236D8BB400A0B92D /* Command.swift */ = {isa = PBXFileReference; lastKnownFileType = sourcecode.swift; path = Command.swift; sourceTree = "<group>"; };
		D5CE5AB51897D3B387D00353 /* Pods_MVVM_Properties_and_Commands.framework */ = {isa = PBXFileReference; explicitFileType = wrapper.framework; includeInIndex = 0; path = Pods_MVVM_Properties_and_Commands.framework; sourceTree = BUILT_PRODUCTS_DIR; };
/* End PBXFileReference section */

/* Begin PBXFrameworksBuildPhase section */
		CEC722AF236D863500A0B92D /* Frameworks */ = {
			isa = PBXFrameworksBuildPhase;
			buildActionMask = 2147483647;
			files = (
				69758E9112820292999EF9E1 /* Pods_MVVM_Properties_and_Commands.framework in Frameworks */,
			);
			runOnlyForDeploymentPostprocessing = 0;
		};
/* End PBXFrameworksBuildPhase section */

/* Begin PBXGroup section */
		2ADCE1B09A9A5D59A7C894C9 /* Frameworks */ = {
			isa = PBXGroup;
			children = (
				D5CE5AB51897D3B387D00353 /* Pods_MVVM_Properties_and_Commands.framework */,
			);
			name = Frameworks;
			sourceTree = "<group>";
		};
		CEC722A9236D863500A0B92D = {
			isa = PBXGroup;
			children = (
				CEC722B4236D863500A0B92D /* MVVM Properties and Commands */,
				CEC722B3236D863500A0B92D /* Products */,
				FC341539B42B7B3DD8833F12 /* Pods */,
				2ADCE1B09A9A5D59A7C894C9 /* Frameworks */,
			);
			sourceTree = "<group>";
		};
		CEC722B3236D863500A0B92D /* Products */ = {
			isa = PBXGroup;
			children = (
				CEC722B2236D863500A0B92D /* MVVM Properties and Commands.app */,
			);
			name = Products;
			sourceTree = "<group>";
		};
		CEC722B4236D863500A0B92D /* MVVM Properties and Commands */ = {
			isa = PBXGroup;
			children = (
				CEC722B5236D863500A0B92D /* AppDelegate.swift */,
				CEC722B7236D863500A0B92D /* SceneDelegate.swift */,
				CEC722B9236D863500A0B92D /* ViewController.swift */,
				CEC722BB236D863500A0B92D /* Main.storyboard */,
				CEC722BE236D863600A0B92D /* Assets.xcassets */,
				CEC722C0236D863600A0B92D /* LaunchScreen.storyboard */,
				CEC722C3236D863600A0B92D /* Info.plist */,
				CEC722C9236D88E300A0B92D /* ViewModel.swift */,
				CEC722CB236D8BB400A0B92D /* Command.swift */,
				CE1FE314236DF32B004CB351 /* UIKit+Combine.swift */,
				CE1FE316236E0DAD004CB351 /* MyCombine.swift */,
			);
			path = "MVVM Properties and Commands";
			sourceTree = "<group>";
		};
		FC341539B42B7B3DD8833F12 /* Pods */ = {
			isa = PBXGroup;
			children = (
				147D6248F65596212FBFAB77 /* Pods-MVVM Properties and Commands.debug.xcconfig */,
				A049DE3F61DB1D4EA3E3EEB5 /* Pods-MVVM Properties and Commands.release.xcconfig */,
			);
			path = Pods;
			sourceTree = "<group>";
		};
/* End PBXGroup section */

/* Begin PBXNativeTarget section */
		CEC722B1236D863500A0B92D /* MVVM Properties and Commands */ = {
			isa = PBXNativeTarget;
			buildConfigurationList = CEC722C6236D863600A0B92D /* Build configuration list for PBXNativeTarget "MVVM Properties and Commands" */;
			buildPhases = (
				20ED640440E5AF92F26B94FE /* [CP] Check Pods Manifest.lock */,
				CEC722AE236D863500A0B92D /* Sources */,
				CEC722AF236D863500A0B92D /* Frameworks */,
				CEC722B0236D863500A0B92D /* Resources */,
				175405D106C54BB56908D668 /* [CP] Embed Pods Frameworks */,
			);
			buildRules = (
			);
			dependencies = (
			);
			name = "MVVM Properties and Commands";
			productName = "MVVM Properties and Commands";
			productReference = CEC722B2236D863500A0B92D /* MVVM Properties and Commands.app */;
			productType = "com.apple.product-type.application";
		};
/* End PBXNativeTarget section */

/* Begin PBXProject section */
		CEC722AA236D863500A0B92D /* Project object */ = {
			isa = PBXProject;
			attributes = {
				LastSwiftUpdateCheck = 1100;
				LastUpgradeCheck = 1100;
				ORGANIZATIONNAME = IA;
				TargetAttributes = {
					CEC722B1236D863500A0B92D = {
						CreatedOnToolsVersion = 11.0;
					};
				};
			};
			buildConfigurationList = CEC722AD236D863500A0B92D /* Build configuration list for PBXProject "MVVM Properties and Commands" */;
			compatibilityVersion = "Xcode 9.3";
			developmentRegion = en;
			hasScannedForEncodings = 0;
			knownRegions = (
				en,
				Base,
			);
			mainGroup = CEC722A9236D863500A0B92D;
			productRefGroup = CEC722B3236D863500A0B92D /* Products */;
			projectDirPath = "";
			projectRoot = "";
			targets = (
				CEC722B1236D863500A0B92D /* MVVM Properties and Commands */,
			);
		};
/* End PBXProject section */

/* Begin PBXResourcesBuildPhase section */
		CEC722B0236D863500A0B92D /* Resources */ = {
			isa = PBXResourcesBuildPhase;
			buildActionMask = 2147483647;
			files = (
				CEC722C2236D863600A0B92D /* LaunchScreen.storyboard in Resources */,
				CEC722BF236D863600A0B92D /* Assets.xcassets in Resources */,
				CEC722BD236D863500A0B92D /* Main.storyboard in Resources */,
			);
			runOnlyForDeploymentPostprocessing = 0;
		};
/* End PBXResourcesBuildPhase section */

/* Begin PBXShellScriptBuildPhase section */
		175405D106C54BB56908D668 /* [CP] Embed Pods Frameworks */ = {
			isa = PBXShellScriptBuildPhase;
			buildActionMask = 2147483647;
			files = (
			);
			inputFileListPaths = (
				"${PODS_ROOT}/Target Support Files/Pods-MVVM Properties and Commands/Pods-MVVM Properties and Commands-frameworks-${CONFIGURATION}-input-files.xcfilelist",
			);
			name = "[CP] Embed Pods Frameworks";
			outputFileListPaths = (
				"${PODS_ROOT}/Target Support Files/Pods-MVVM Properties and Commands/Pods-MVVM Properties and Commands-frameworks-${CONFIGURATION}-output-files.xcfilelist",
			);
			runOnlyForDeploymentPostprocessing = 0;
			shellPath = /bin/sh;
			shellScript = "\"${PODS_ROOT}/Target Support Files/Pods-MVVM Properties and Commands/Pods-MVVM Properties and Commands-frameworks.sh\"\n";
			showEnvVarsInLog = 0;
		};
		20ED640440E5AF92F26B94FE /* [CP] Check Pods Manifest.lock */ = {
			isa = PBXShellScriptBuildPhase;
			buildActionMask = 2147483647;
			files = (
			);
			inputFileListPaths = (
			);
			inputPaths = (
				"${PODS_PODFILE_DIR_PATH}/Podfile.lock",
				"${PODS_ROOT}/Manifest.lock",
			);
			name = "[CP] Check Pods Manifest.lock";
			outputFileListPaths = (
			);
			outputPaths = (
				"$(DERIVED_FILE_DIR)/Pods-MVVM Properties and Commands-checkManifestLockResult.txt",
			);
			runOnlyForDeploymentPostprocessing = 0;
			shellPath = /bin/sh;
			shellScript = "diff \"${PODS_PODFILE_DIR_PATH}/Podfile.lock\" \"${PODS_ROOT}/Manifest.lock\" > /dev/null\nif [ $? != 0 ] ; then\n    # print error to STDERR\n    echo \"error: The sandbox is not in sync with the Podfile.lock. Run 'pod install' or update your CocoaPods installation.\" >&2\n    exit 1\nfi\n# This output is used by Xcode 'outputs' to avoid re-running this script phase.\necho \"SUCCESS\" > \"${SCRIPT_OUTPUT_FILE_0}\"\n";
			showEnvVarsInLog = 0;
		};
/* End PBXShellScriptBuildPhase section */

/* Begin PBXSourcesBuildPhase section */
		CEC722AE236D863500A0B92D /* Sources */ = {
			isa = PBXSourcesBuildPhase;
			buildActionMask = 2147483647;
			files = (
				CE1FE315236DF32B004CB351 /* UIKit+Combine.swift in Sources */,
				CEC722BA236D863500A0B92D /* ViewController.swift in Sources */,
				CEC722B6236D863500A0B92D /* AppDelegate.swift in Sources */,
				CE1FE317236E0DAD004CB351 /* MyCombine.swift in Sources */,
				CEC722CA236D88E300A0B92D /* ViewModel.swift in Sources */,
				CEC722CC236D8BB400A0B92D /* Command.swift in Sources */,
				CEC722B8236D863500A0B92D /* SceneDelegate.swift in Sources */,
			);
			runOnlyForDeploymentPostprocessing = 0;
		};
/* End PBXSourcesBuildPhase section */

/* Begin PBXVariantGroup section */
		CEC722BB236D863500A0B92D /* Main.storyboard */ = {
			isa = PBXVariantGroup;
			children = (
				CEC722BC236D863500A0B92D /* Base */,
			);
			name = Main.storyboard;
			sourceTree = "<group>";
		};
		CEC722C0236D863600A0B92D /* LaunchScreen.storyboard */ = {
			isa = PBXVariantGroup;
			children = (
				CEC722C1236D863600A0B92D /* Base */,
			);
			name = LaunchScreen.storyboard;
			sourceTree = "<group>";
		};
/* End PBXVariantGroup section */

/* Begin XCBuildConfiguration section */
		CEC722C4236D863600A0B92D /* Debug */ = {
			isa = XCBuildConfiguration;
			buildSettings = {
				ALWAYS_SEARCH_USER_PATHS = NO;
				CLANG_ANALYZER_NONNULL = YES;
				CLANG_ANALYZER_NUMBER_OBJECT_CONVERSION = YES_AGGRESSIVE;
				CLANG_CXX_LANGUAGE_STANDARD = "gnu++14";
				CLANG_CXX_LIBRARY = "libc++";
				CLANG_ENABLE_MODULES = YES;
				CLANG_ENABLE_OBJC_ARC = YES;
				CLANG_ENABLE_OBJC_WEAK = YES;
				CLANG_WARN_BLOCK_CAPTURE_AUTORELEASING = YES;
				CLANG_WARN_BOOL_CONVERSION = YES;
				CLANG_WARN_COMMA = YES;
				CLANG_WARN_CONSTANT_CONVERSION = YES;
				CLANG_WARN_DEPRECATED_OBJC_IMPLEMENTATIONS = YES;
				CLANG_WARN_DIRECT_OBJC_ISA_USAGE = YES_ERROR;
				CLANG_WARN_DOCUMENTATION_COMMENTS = YES;
				CLANG_WARN_EMPTY_BODY = YES;
				CLANG_WARN_ENUM_CONVERSION = YES;
				CLANG_WARN_INFINITE_RECURSION = YES;
				CLANG_WARN_INT_CONVERSION = YES;
				CLANG_WARN_NON_LITERAL_NULL_CONVERSION = YES;
				CLANG_WARN_OBJC_IMPLICIT_RETAIN_SELF = YES;
				CLANG_WARN_OBJC_LITERAL_CONVERSION = YES;
				CLANG_WARN_OBJC_ROOT_CLASS = YES_ERROR;
				CLANG_WARN_RANGE_LOOP_ANALYSIS = YES;
				CLANG_WARN_STRICT_PROTOTYPES = YES;
				CLANG_WARN_SUSPICIOUS_MOVE = YES;
				CLANG_WARN_UNGUARDED_AVAILABILITY = YES_AGGRESSIVE;
				CLANG_WARN_UNREACHABLE_CODE = YES;
				CLANG_WARN__DUPLICATE_METHOD_MATCH = YES;
				COPY_PHASE_STRIP = NO;
				DEBUG_INFORMATION_FORMAT = dwarf;
				ENABLE_STRICT_OBJC_MSGSEND = YES;
				ENABLE_TESTABILITY = YES;
				GCC_C_LANGUAGE_STANDARD = gnu11;
				GCC_DYNAMIC_NO_PIC = NO;
				GCC_NO_COMMON_BLOCKS = YES;
				GCC_OPTIMIZATION_LEVEL = 0;
				GCC_PREPROCESSOR_DEFINITIONS = (
					"DEBUG=1",
					"$(inherited)",
				);
				GCC_WARN_64_TO_32_BIT_CONVERSION = YES;
				GCC_WARN_ABOUT_RETURN_TYPE = YES_ERROR;
				GCC_WARN_UNDECLARED_SELECTOR = YES;
				GCC_WARN_UNINITIALIZED_AUTOS = YES_AGGRESSIVE;
				GCC_WARN_UNUSED_FUNCTION = YES;
				GCC_WARN_UNUSED_VARIABLE = YES;
				IPHONEOS_DEPLOYMENT_TARGET = 13.0;
				MTL_ENABLE_DEBUG_INFO = INCLUDE_SOURCE;
				MTL_FAST_MATH = YES;
				ONLY_ACTIVE_ARCH = YES;
				SDKROOT = iphoneos;
				SWIFT_ACTIVE_COMPILATION_CONDITIONS = DEBUG;
				SWIFT_OPTIMIZATION_LEVEL = "-Onone";
			};
			name = Debug;
		};
		CEC722C5236D863600A0B92D /* Release */ = {
			isa = XCBuildConfiguration;
			buildSettings = {
				ALWAYS_SEARCH_USER_PATHS = NO;
				CLANG_ANALYZER_NONNULL = YES;
				CLANG_ANALYZER_NUMBER_OBJECT_CONVERSION = YES_AGGRESSIVE;
				CLANG_CXX_LANGUAGE_STANDARD = "gnu++14";
				CLANG_CXX_LIBRARY = "libc++";
				CLANG_ENABLE_MODULES = YES;
				CLANG_ENABLE_OBJC_ARC = YES;
				CLANG_ENABLE_OBJC_WEAK = YES;
				CLANG_WARN_BLOCK_CAPTURE_AUTORELEASING = YES;
				CLANG_WARN_BOOL_CONVERSION = YES;
				CLANG_WARN_COMMA = YES;
				CLANG_WARN_CONSTANT_CONVERSION = YES;
				CLANG_WARN_DEPRECATED_OBJC_IMPLEMENTATIONS = YES;
				CLANG_WARN_DIRECT_OBJC_ISA_USAGE = YES_ERROR;
				CLANG_WARN_DOCUMENTATION_COMMENTS = YES;
				CLANG_WARN_EMPTY_BODY = YES;
				CLANG_WARN_ENUM_CONVERSION = YES;
				CLANG_WARN_INFINITE_RECURSION = YES;
				CLANG_WARN_INT_CONVERSION = YES;
				CLANG_WARN_NON_LITERAL_NULL_CONVERSION = YES;
				CLANG_WARN_OBJC_IMPLICIT_RETAIN_SELF = YES;
				CLANG_WARN_OBJC_LITERAL_CONVERSION = YES;
				CLANG_WARN_OBJC_ROOT_CLASS = YES_ERROR;
				CLANG_WARN_RANGE_LOOP_ANALYSIS = YES;
				CLANG_WARN_STRICT_PROTOTYPES = YES;
				CLANG_WARN_SUSPICIOUS_MOVE = YES;
				CLANG_WARN_UNGUARDED_AVAILABILITY = YES_AGGRESSIVE;
				CLANG_WARN_UNREACHABLE_CODE = YES;
				CLANG_WARN__DUPLICATE_METHOD_MATCH = YES;
				COPY_PHASE_STRIP = NO;
				DEBUG_INFORMATION_FORMAT = "dwarf-with-dsym";
				ENABLE_NS_ASSERTIONS = NO;
				ENABLE_STRICT_OBJC_MSGSEND = YES;
				GCC_C_LANGUAGE_STANDARD = gnu11;
				GCC_NO_COMMON_BLOCKS = YES;
				GCC_WARN_64_TO_32_BIT_CONVERSION = YES;
				GCC_WARN_ABOUT_RETURN_TYPE = YES_ERROR;
				GCC_WARN_UNDECLARED_SELECTOR = YES;
				GCC_WARN_UNINITIALIZED_AUTOS = YES_AGGRESSIVE;
				GCC_WARN_UNUSED_FUNCTION = YES;
				GCC_WARN_UNUSED_VARIABLE = YES;
				IPHONEOS_DEPLOYMENT_TARGET = 13.0;
				MTL_ENABLE_DEBUG_INFO = NO;
				MTL_FAST_MATH = YES;
				SDKROOT = iphoneos;
				SWIFT_COMPILATION_MODE = wholemodule;
				SWIFT_OPTIMIZATION_LEVEL = "-O";
				VALIDATE_PRODUCT = YES;
			};
			name = Release;
		};
		CEC722C7236D863600A0B92D /* Debug */ = {
			isa = XCBuildConfiguration;
			baseConfigurationReference = 147D6248F65596212FBFAB77 /* Pods-MVVM Properties and Commands.debug.xcconfig */;
			buildSettings = {
				ASSETCATALOG_COMPILER_APPICON_NAME = AppIcon;
				CODE_SIGN_STYLE = Automatic;
				INFOPLIST_FILE = "MVVM Properties and Commands/Info.plist";
				LD_RUNPATH_SEARCH_PATHS = (
					"$(inherited)",
					"@executable_path/Frameworks",
				);
				PRODUCT_BUNDLE_IDENTIFIER = "com.ia.MVVM-Properties-and-Commands";
				PRODUCT_NAME = "$(TARGET_NAME)";
				SWIFT_VERSION = 5.0;
				TARGETED_DEVICE_FAMILY = "1,2";
			};
			name = Debug;
		};
		CEC722C8236D863600A0B92D /* Release */ = {
			isa = XCBuildConfiguration;
			baseConfigurationReference = A049DE3F61DB1D4EA3E3EEB5 /* Pods-MVVM Properties and Commands.release.xcconfig */;
			buildSettings = {
				ASSETCATALOG_COMPILER_APPICON_NAME = AppIcon;
				CODE_SIGN_STYLE = Automatic;
				INFOPLIST_FILE = "MVVM Properties and Commands/Info.plist";
				LD_RUNPATH_SEARCH_PATHS = (
					"$(inherited)",
					"@executable_path/Frameworks",
				);
				PRODUCT_BUNDLE_IDENTIFIER = "com.ia.MVVM-Properties-and-Commands";
				PRODUCT_NAME = "$(TARGET_NAME)";
				SWIFT_VERSION = 5.0;
				TARGETED_DEVICE_FAMILY = "1,2";
			};
			name = Release;
		};
/* End XCBuildConfiguration section */

/* Begin XCConfigurationList section */
		CEC722AD236D863500A0B92D /* Build configuration list for PBXProject "MVVM Properties and Commands" */ = {
			isa = XCConfigurationList;
			buildConfigurations = (
				CEC722C4236D863600A0B92D /* Debug */,
				CEC722C5236D863600A0B92D /* Release */,
			);
			defaultConfigurationIsVisible = 0;
			defaultConfigurationName = Release;
		};
		CEC722C6236D863600A0B92D /* Build configuration list for PBXNativeTarget "MVVM Properties and Commands" */ = {
			isa = XCConfigurationList;
			buildConfigurations = (
				CEC722C7236D863600A0B92D /* Debug */,
				CEC722C8236D863600A0B92D /* Release */,
			);
			defaultConfigurationIsVisible = 0;
			defaultConfigurationName = Release;
		};
/* End XCConfigurationList section */
	};
	rootObject = CEC722AA236D863500A0B92D /* Project object */;
}
